
Microsoft Visual Studio Solution File, Format Version 12.00
# Visual Studio 2012
Project("{FAE04EC0-301F-11D3-BF4B-00C04F79EFBC}") = "AzureBackend.iOS", "AzureBackend.iOS\AzureBackend.iOS.csproj", "{8941205E-4BB2-485A-9425-87C13937245F}"
EndProject
Project("{FAE04EC0-301F-11D3-BF4B-00C04F79EFBC}") = "AzureBackend.Droid", "AzureBackend.Droid\AzureBackend.Droid.csproj", "{3B88B438-4C66-47AA-B8BF-C949CD87EBFD}"
EndProject
Project("{FAE04EC0-301F-11D3-BF4B-00C04F79EFBC}") = "AzureBackend.Portable", "AzureBackend.Portable\AzureBackend.Portable.csproj", "{FF83A6B3-BCA6-43C1-A571-1B1E912038AC}"
EndProject
Global
	GlobalSection(SolutionConfigurationPlatforms) = preSolution
		Debug|iPhoneSimulator = Debug|iPhoneSimulator
		Release|iPhone = Release|iPhone
		Release|iPhoneSimulator = Release|iPhoneSimulator
		Debug|iPhone = Debug|iPhone
	EndGlobalSection
	GlobalSection(ProjectConfigurationPlatforms) = postSolution
		{8941205E-4BB2-485A-9425-87C13937245F}.Debug|iPhoneSimulator.ActiveCfg = Debug|iPhoneSimulator
		{8941205E-4BB2-485A-9425-87C13937245F}.Debug|iPhoneSimulator.Build.0 = Debug|iPhoneSimulator
		{8941205E-4BB2-485A-9425-87C13937245F}.Release|iPhone.ActiveCfg = Release|iPhone
		{8941205E-4BB2-485A-9425-87C13937245F}.Release|iPhone.Build.0 = Release|iPhone
		{8941205E-4BB2-485A-9425-87C13937245F}.Release|iPhoneSimulator.ActiveCfg = Release|iPhoneSimulator
		{8941205E-4BB2-485A-9425-87C13937245F}.Release|iPhoneSimulator.Build.0 = Release|iPhoneSimulator
		{8941205E-4BB2-485A-9425-87C13937245F}.Debug|iPhone.ActiveCfg = Debug|iPhone
		{8941205E-4BB2-485A-9425-87C13937245F}.Debug|iPhone.Build.0 = Debug|iPhone
		{3B88B438-4C66-47AA-B8BF-C949CD87EBFD}.Debug|iPhoneSimulator.ActiveCfg = Debug|Any CPU
		{3B88B438-4C66-47AA-B8BF-C949CD87EBFD}.Debug|iPhoneSimulator.Build.0 = Debug|Any CPU
		{3B88B438-4C66-47AA-B8BF-C949CD87EBFD}.Release|iPhone.ActiveCfg = Release|Any CPU
		{3B88B438-4C66-47AA-B8BF-C949CD87EBFD}.Release|iPhone.Build.0 = Release|Any CPU
		{3B88B438-4C66-47AA-B8BF-C949CD87EBFD}.Release|iPhoneSimulator.ActiveCfg = Release|Any CPU
		{3B88B438-4C66-47AA-B8BF-C949CD87EBFD}.Release|iPhoneSimulator.Build.0 = Release|Any CPU
		{3B88B438-4C66-47AA-B8BF-C949CD87EBFD}.Debug|iPhone.ActiveCfg = Debug|Any CPU
		{3B88B438-4C66-47AA-B8BF-C949CD87EBFD}.Debug|iPhone.Build.0 = Debug|Any CPU
		{FF83A6B3-BCA6-43C1-A571-1B1E912038AC}.Debug|iPhoneSimulator.ActiveCfg = Debug|Any CPU
		{FF83A6B3-BCA6-43C1-A571-1B1E912038AC}.Debug|iPhoneSimulator.Build.0 = Debug|Any CPU
		{FF83A6B3-BCA6-43C1-A571-1B1E912038AC}.Release|iPhone.ActiveCfg = Release|Any CPU
		{FF83A6B3-BCA6-43C1-A571-1B1E912038AC}.Release|iPhone.Build.0 = Release|Any CPU
		{FF83A6B3-BCA6-43C1-A571-1B1E912038AC}.Release|iPhoneSimulator.ActiveCfg = Release|Any CPU
		{FF83A6B3-BCA6-43C1-A571-1B1E912038AC}.Release|iPhoneSimulator.Build.0 = Release|Any CPU
		{FF83A6B3-BCA6-43C1-A571-1B1E912038AC}.Debug|iPhone.ActiveCfg = Debug|Any CPU
		{FF83A6B3-BCA6-43C1-A571-1B1E912038AC}.Debug|iPhone.Build.0 = Debug|Any CPU
	EndGlobalSection
EndGlobal
